
Microsoft Visual Studio Solution File, Format Version 12.00
# Visual Studio 14
VisualStudioVersion = 14.0.23107.0
MinimumVisualStudioVersion = 10.0.40219.1
Project("{8BC9CEB8-8B4A-11D0-8D11-00A0C91BC942}") = "client", "client.vcxproj", "{8303C144-B172-4802-B4AD-123817757C4D}"
EndProject
Project("{8BC9CEB8-8B4A-11D0-8D11-00A0C91BC942}") = "server", "server.vcxproj", "{BE9287E1-42B5-4307-A41E-572F77D63ADE}"
EndProject
Project("{8BC9CEB8-8B4A-11D0-8D11-00A0C91BC942}") = "test-client", "test-client.vcxproj", "{AA7A6D17-3280-4562-99E9-D242F04D0A2B}"
EndProject
Global
	GlobalSection(SolutionConfigurationPlatforms) = preSolution
		Release|x64 = Release|x64
		Release|x86 = Release|x86
		ReleaseWithDebug|x64 = ReleaseWithDebug|x64
		ReleaseWithDebug|x86 = ReleaseWithDebug|x86
	EndGlobalSection
	GlobalSection(ProjectConfigurationPlatforms) = postSolution
		{8303C144-B172-4802-B4AD-123817757C4D}.Release|x64.ActiveCfg = Release|x64
		{8303C144-B172-4802-B4AD-123817757C4D}.Release|x64.Build.0 = Release|x64
		{8303C144-B172-4802-B4AD-123817757C4D}.Release|x86.ActiveCfg = Release|Win32
		{8303C144-B172-4802-B4AD-123817757C4D}.Release|x86.Build.0 = Release|Win32
		{8303C144-B172-4802-B4AD-123817757C4D}.ReleaseWithDebug|x64.ActiveCfg = ReleaseWithDebug|x64
		{8303C144-B172-4802-B4AD-123817757C4D}.ReleaseWithDebug|x64.Build.0 = ReleaseWithDebug|x64
		{8303C144-B172-4802-B4AD-123817757C4D}.ReleaseWithDebug|x86.ActiveCfg = ReleaseWithDebug|Win32
		{8303C144-B172-4802-B4AD-123817757C4D}.ReleaseWithDebug|x86.Build.0 = ReleaseWithDebug|Win32
		{BE9287E1-42B5-4307-A41E-572F77D63ADE}.Release|x64.ActiveCfg = Release|x64
		{BE9287E1-42B5-4307-A41E-572F77D63ADE}.Release|x64.Build.0 = Release|x64
		{BE9287E1-42B5-4307-A41E-572F77D63ADE}.Release|x86.ActiveCfg = Release|Win32
		{BE9287E1-42B5-4307-A41E-572F77D63ADE}.Release|x86.Build.0 = Release|Win32
		{BE9287E1-42B5-4307-A41E-572F77D63ADE}.ReleaseWithDebug|x64.ActiveCfg = ReleaseWithDebug|x64
		{BE9287E1-42B5-4307-A41E-572F77D63ADE}.ReleaseWithDebug|x64.Build.0 = ReleaseWithDebug|x64
		{BE9287E1-42B5-4307-A41E-572F77D63ADE}.ReleaseWithDebug|x86.ActiveCfg = ReleaseWithDebug|Win32
		{BE9287E1-42B5-4307-A41E-572F77D63ADE}.ReleaseWithDebug|x86.Build.0 = ReleaseWithDebug|Win32
		{AA7A6D17-3280-4562-99E9-D242F04D0A2B}.Release|x64.ActiveCfg = Release|x64
		{AA7A6D17-3280-4562-99E9-D242F04D0A2B}.Release|x64.Build.0 = Release|x64
		{AA7A6D17-3280-4562-99E9-D242F04D0A2B}.Release|x86.ActiveCfg = Release|Win32
		{AA7A6D17-3280-4562-99E9-D242F04D0A2B}.Release|x86.Build.0 = Release|Win32
		{AA7A6D17-3280-4562-99E9-D242F04D0A2B}.ReleaseWithDebug|x64.ActiveCfg = ReleaseWithDebug|x64
		{AA7A6D17-3280-4562-99E9-D242F04D0A2B}.ReleaseWithDebug|x64.Build.0 = ReleaseWithDebug|x64
		{AA7A6D17-3280-4562-99E9-D242F04D0A2B}.ReleaseWithDebug|x86.ActiveCfg = ReleaseWithDebug|Win32
		{AA7A6D17-3280-4562-99E9-D242F04D0A2B}.ReleaseWithDebug|x86.Build.0 = ReleaseWithDebug|Win32
	EndGlobalSection
	GlobalSection(SolutionProperties) = preSolution
		HideSolutionNode = FALSE
	EndGlobalSection
EndGlobal
