<?xml version="1.0" encoding="utf-8"?>
<Project ToolsVersion="4.0" xmlns="http://schemas.microsoft.com/developer/msbuild/2003">
  <ItemGroup>
    <Filter Include="Source Files">
      <UniqueIdentifier>{4FC737F1-C7A5-4376-A066-2A32D752A2FF}</UniqueIdentifier>
      <Extensions>cpp;c;cc;cxx;def;odl;idl;hpj;bat;asm;asmx</Extensions>
    </Filter>
    <Filter Include="Header Files">
      <UniqueIdentifier>{93995380-89BD-4b04-88EB-625FBE52EBFB}</UniqueIdentifier>
      <Extensions>h;hh;hpp;hxx;hm;inl;inc;xsd</Extensions>
    </Filter>
    <Filter Include="Resource Files">
      <UniqueIdentifier>{67DA6AB6-F800-4c08-8B7A-83BB121AAD01}</UniqueIdentifier>
      <Extensions>rc;ico;cur;bmp;dlg;rc2;rct;bin;rgs;gif;jpg;jpeg;jpe;resx;tiff;tif;png;wav;mfcribbon-ms</Extensions>
    </Filter>
    <Filter Include="Source Files\tools">
      <UniqueIdentifier>{f13d420f-690b-4f89-976d-7d2348605b64}</UniqueIdentifier>
    </Filter>
    <Filter Include="Source Files\component">
      <UniqueIdentifier>{ac9a6816-f0d5-425d-8408-f576a583b6ea}</UniqueIdentifier>
    </Filter>
    <Filter Include="Header Files\component">
      <UniqueIdentifier>{94aad1c7-e07b-4aeb-9ced-2958c568ac5b}</UniqueIdentifier>
    </Filter>
    <Filter Include="Source Files\projectile">
      <UniqueIdentifier>{793116b6-757c-4c79-a313-bc0309bba547}</UniqueIdentifier>
    </Filter>
    <Filter Include="Header Files\projectile">
      <UniqueIdentifier>{f0db0e48-0c3a-4dcb-b7e5-570dfad8baf2}</UniqueIdentifier>
    </Filter>
    <Filter Include="Header Files\wiring">
      <UniqueIdentifier>{a3ecb8a3-8417-4bde-8f5a-299453d3c17e}</UniqueIdentifier>
    </Filter>
    <Filter Include="Source Files\wiring">
      <UniqueIdentifier>{5d9ecba1-88bc-4ce1-969d-0d1d1472cac1}</UniqueIdentifier>
    </Filter>
    <Filter Include="Header Files\tools">
      <UniqueIdentifier>{b604ea93-9d24-4477-9bb4-5d14c8b98071}</UniqueIdentifier>
    </Filter>
  </ItemGroup>
  <ItemGroup>
    <ClCompile Include="src\blob.cc">
      <Filter>Source Files</Filter>
    </ClCompile>
    <ClCompile Include="src\char.cc">
      <Filter>Source Files</Filter>
    </ClCompile>
    <ClCompile Include="src\mesh.cc">
      <Filter>Source Files</Filter>
    </ClCompile>
    <ClCompile Include="src\mesher.cc">
      <Filter>Source Files</Filter>
    </ClCompile>
    <ClCompile Include="src\physics.cc">
      <Filter>Source Files</Filter>
    </ClCompile>
    <ClCompile Include="src\shader.cc">
      <Filter>Source Files</Filter>
    </ClCompile>
    <ClCompile Include="src\ship_space.cc">
      <Filter>Source Files</Filter>
    </ClCompile>
    <ClCompile Include="src\text.cc">
      <Filter>Source Files</Filter>
    </ClCompile>
    <ClCompile Include="main.cc">
      <Filter>Source Files</Filter>
    </ClCompile>
    <ClCompile Include="src\input.cc">
      <Filter>Source Files</Filter>
    </ClCompile>
    <ClCompile Include="src\config.cc">
      <Filter>Source Files</Filter>
    </ClCompile>
    <ClCompile Include="src\textureset.cc">
      <Filter>Source Files</Filter>
    </ClCompile>
    <ClCompile Include="src\settings.cc">
      <Filter>Source Files</Filter>
    </ClCompile>
    <ClCompile Include="src\tools\add_block.cc">
      <Filter>Source Files\tools</Filter>
    </ClCompile>
    <ClCompile Include="src\tools\add_surface.cc">
      <Filter>Source Files\tools</Filter>
    </ClCompile>
    <ClCompile Include="src\tools\remove_block.cc">
      <Filter>Source Files\tools</Filter>
    </ClCompile>
    <ClCompile Include="src\tools\remove_surface.cc">
      <Filter>Source Files\tools</Filter>
    </ClCompile>
    <ClCompile Include="src\tools\fire_projectile.cc">
      <Filter>Source Files\tools</Filter>
    </ClCompile>
    <ClCompile Include="src\mock_ship_junk.cc">
      <Filter>Source Files</Filter>
    </ClCompile>
    <ClCompile Include="src\atlas.cc">
      <Filter>Source Files</Filter>
    </ClCompile>
    <ClCompile Include="src\sprites.cc">
      <Filter>Source Files</Filter>
    </ClCompile>
    <ClCompile Include="src\projectile\projectile.cc">
      <Filter>Source Files\projectile</Filter>
    </ClCompile>
    <ClCompile Include="src\component\door_component.cc">
      <Filter>Source Files\component</Filter>
    </ClCompile>
    <ClCompile Include="src\component\gas_production_component.cc">
      <Filter>Source Files\component</Filter>
    </ClCompile>
    <ClCompile Include="src\component\light_component.cc">
      <Filter>Source Files\component</Filter>
    </ClCompile>
    <ClCompile Include="src\component\power_component.cc">
      <Filter>Source Files\component</Filter>
    </ClCompile>
    <ClCompile Include="src\component\renderable_component.cc">
      <Filter>Source Files\component</Filter>
    </ClCompile>
    <ClCompile Include="src\component\switch_component.cc">
      <Filter>Source Files\component</Filter>
    </ClCompile>
    <ClCompile Include="src\component\component_system_manager.cc">
      <Filter>Source Files\component</Filter>
    </ClCompile>
    <ClCompile Include="src\component\surface_attachment_component.cc">
      <Filter>Source Files\component</Filter>
    </ClCompile>
    <ClCompile Include="src\component\physics_component.cc">
      <Filter>Source Files\component</Filter>
    </ClCompile>
    <ClCompile Include="src\component\type_component.cc">
      <Filter>Source Files\component</Filter>
    </ClCompile>
    <ClCompile Include="src\component\relative_position_component.cc">
      <Filter>Source Files\component</Filter>
    </ClCompile>
    <ClCompile Include="src\wiring\wiring.cc">
      <Filter>Source Files\wiring</Filter>
    </ClCompile>
    <ClCompile Include="src\component\power_provider_component.cc">
      <Filter>Source Files\component</Filter>
    </ClCompile>
    <ClCompile Include="src\component\pressure_sensor_component.cc">
      <Filter>Source Files\component</Filter>
    </ClCompile>
    <ClCompile Include="src\component\sensor_comparator_component.cc">
      <Filter>Source Files\component</Filter>
    </ClCompile>
    <ClCompile Include="src\particle.cc">
      <Filter>Source Files</Filter>
    </ClCompile>
  </ItemGroup>
  <ItemGroup>
    <ClInclude Include="src\blob.h">
      <Filter>Header Files</Filter>
    </ClInclude>
    <ClInclude Include="src\block.h">
      <Filter>Header Files</Filter>
    </ClInclude>
    <ClInclude Include="src\char.h">
      <Filter>Header Files</Filter>
    </ClInclude>
    <ClInclude Include="src\chunk.h">
      <Filter>Header Files</Filter>
    </ClInclude>
    <ClInclude Include="src\common.h">
      <Filter>Header Files</Filter>
    </ClInclude>
    <ClInclude Include="src\fixed_cube.h">
      <Filter>Header Files</Filter>
    </ClInclude>
    <ClInclude Include="src\mesh.h">
      <Filter>Header Files</Filter>
    </ClInclude>
    <ClInclude Include="src\physics.h">
      <Filter>Header Files</Filter>
    </ClInclude>
    <ClInclude Include="src\player.h">
      <Filter>Header Files</Filter>
    </ClInclude>
    <ClInclude Include="src\shader.h">
      <Filter>Header Files</Filter>
    </ClInclude>
    <ClInclude Include="src\ship_space.h">
      <Filter>Header Files</Filter>
    </ClInclude>
    <ClInclude Include="src\text.h">
      <Filter>Header Files</Filter>
    </ClInclude>
    <ClInclude Include="winerr.h">
      <Filter>Header Files</Filter>
    </ClInclude>
    <ClInclude Include="src\winunistd.h">
      <Filter>Header Files</Filter>
    </ClInclude>
    <ClInclude Include="src\input.h">
      <Filter>Header Files</Filter>
    </ClInclude>
    <ClInclude Include="src\config.h">
      <Filter>Header Files</Filter>
    </ClInclude>
    <ClInclude Include="src\textureset.h">
      <Filter>Header Files</Filter>
    </ClInclude>
    <ClInclude Include="src\settings.h">
      <Filter>Header Files</Filter>
    </ClInclude>
    <ClInclude Include="src\scopetimer.h">
      <Filter>Header Files</Filter>
    </ClInclude>
    <ClInclude Include="src\timer.h">
      <Filter>Header Files</Filter>
    </ClInclude>
    <ClInclude Include="src\projectile\projectile.h">
      <Filter>Header Files\projectile</Filter>
    </ClInclude>
    <ClInclude Include="src\light_field.h">
      <Filter>Header Files</Filter>
    </ClInclude>
    <ClInclude Include="src\component\component_manager.h">
      <Filter>Header Files\component</Filter>
    </ClInclude>
    <ClInclude Include="src\component\door_component.h">
      <Filter>Header Files\component</Filter>
    </ClInclude>
    <ClInclude Include="src\component\gas_production_component.h">
      <Filter>Header Files\component</Filter>
    </ClInclude>
    <ClInclude Include="src\component\light_component.h">
      <Filter>Header Files\component</Filter>
    </ClInclude>
    <ClInclude Include="src\component\power_component.h">
      <Filter>Header Files\component</Filter>
    </ClInclude>
    <ClInclude Include="src\component\renderable_component.h">
      <Filter>Header Files\component</Filter>
    </ClInclude>
    <ClInclude Include="src\component\switch_component.h">
      <Filter>Header Files\component</Filter>
    </ClInclude>
    <ClInclude Include="src\memory.h">
      <Filter>Header Files</Filter>
    </ClInclude>
    <ClInclude Include="src\component\component_system_manager.h">
      <Filter>Header Files\component</Filter>
    </ClInclude>
    <ClInclude Include="src\component\surface_attachment_component.h">
      <Filter>Header Files\component</Filter>
    </ClInclude>
    <ClInclude Include="src\component\physics_component.h">
      <Filter>Header Files\component</Filter>
    </ClInclude>
    <ClInclude Include="src\component\type_component.h">
      <Filter>Header Files\component</Filter>
    </ClInclude>
    <ClInclude Include="src\render_data.h">
      <Filter>Header Files</Filter>
    </ClInclude>
    <ClInclude Include="src\component\relative_position_component.h">
      <Filter>Header Files\component</Filter>
    </ClInclude>
    <ClInclude Include="src\libconfig_shim.h">
      <Filter>Header Files</Filter>
    </ClInclude>
    <ClInclude Include="src\wiring\wiring.h">
      <Filter>Header Files\wiring</Filter>
    </ClInclude>
    <ClInclude Include="src\wiring\wiring_data.h">
      <Filter>Header Files\wiring</Filter>
    </ClInclude>
    <ClInclude Include="src\component\power_provider_component.h">
      <Filter>Header Files\component</Filter>
    </ClInclude>
    <ClInclude Include="src\tools\tools.h">
      <Filter>Header Files\tools</Filter>
    </ClInclude>
    <ClInclude Include="src\component\pressure_sensor_component.h">
      <Filter>Header Files\component</Filter>
    </ClInclude>
    <ClInclude Include="src\component\sensor_comparator_component.h">
      <Filter>Header Files\component</Filter>
    </ClInclude>
    <ClInclude Include="src\particle.h">
      <Filter>Header Files</Filter>
    </ClInclude>
  </ItemGroup>
</Project>
