<?xml version="1.0" encoding="utf-8"?>
<Project ToolsVersion="4.0" xmlns="http://schemas.microsoft.com/developer/msbuild/2003">
  <ItemGroup>
    <Filter Include="Source Files">
      <UniqueIdentifier>{4FC737F1-C7A5-4376-A066-2A32D752A2FF}</UniqueIdentifier>
      <Extensions>cpp;c;cc;cxx;def;odl;idl;hpj;bat;asm;asmx</Extensions>
    </Filter>
    <Filter Include="Header Files">
      <UniqueIdentifier>{93995380-89BD-4b04-88EB-625FBE52EBFB}</UniqueIdentifier>
      <Extensions>h;hh;hpp;hxx;hm;inl;inc;xsd</Extensions>
    </Filter>
    <Filter Include="Resource Files">
      <UniqueIdentifier>{67DA6AB6-F800-4c08-8B7A-83BB121AAD01}</UniqueIdentifier>
      <Extensions>rc;ico;cur;bmp;dlg;rc2;rct;bin;rgs;gif;jpg;jpeg;jpe;resx;tiff;tif;png;wav;mfcribbon-ms</Extensions>
    </Filter>
    <Filter Include="Source Files\tools">
      <UniqueIdentifier>{f13d420f-690b-4f89-976d-7d2348605b64}</UniqueIdentifier>
    </Filter>
    <Filter Include="Source Files\component">
      <UniqueIdentifier>{ac9a6816-f0d5-425d-8408-f576a583b6ea}</UniqueIdentifier>
    </Filter>
    <Filter Include="Header Files\component">
      <UniqueIdentifier>{94aad1c7-e07b-4aeb-9ced-2958c568ac5b}</UniqueIdentifier>
    </Filter>
    <Filter Include="Source Files\projectile">
      <UniqueIdentifier>{793116b6-757c-4c79-a313-bc0309bba547}</UniqueIdentifier>
    </Filter>
    <Filter Include="Header Files\projectile">
      <UniqueIdentifier>{f0db0e48-0c3a-4dcb-b7e5-570dfad8baf2}</UniqueIdentifier>
    </Filter>
    <Filter Include="Header Files\wiring">
      <UniqueIdentifier>{a3ecb8a3-8417-4bde-8f5a-299453d3c17e}</UniqueIdentifier>
    </Filter>
    <Filter Include="Source Files\wiring">
      <UniqueIdentifier>{5d9ecba1-88bc-4ce1-969d-0d1d1472cac1}</UniqueIdentifier>
    </Filter>
    <Filter Include="Header Files\tools">
      <UniqueIdentifier>{b604ea93-9d24-4477-9bb4-5d14c8b98071}</UniqueIdentifier>
    </Filter>
    <Filter Include="Header Files\entities">
      <UniqueIdentifier>{1e54a95e-32c7-4662-aadc-f28ca9574a28}</UniqueIdentifier>
    </Filter>
    <Filter Include="imgui">
      <UniqueIdentifier>{df6e9907-c6a5-43be-9255-dc66585caba6}</UniqueIdentifier>
    </Filter>
    <Filter Include="Source Files\utils">
      <UniqueIdentifier>{4d7fd92d-f8d0-4a5d-a94b-ea3614bfa656}</UniqueIdentifier>
    </Filter>
    <Filter Include="Header Files\utils">
      <UniqueIdentifier>{c0a61e5a-44d6-4c01-bde3-73b6b130e26d}</UniqueIdentifier>
    </Filter>
    <Filter Include="soloud">
      <UniqueIdentifier>{95f83cef-ecb8-4774-b249-875c37cd4be2}</UniqueIdentifier>
    </Filter>
    <Filter Include="soloud\core">
      <UniqueIdentifier>{8849ba4e-e5dd-4590-8f0e-80234f566ca3}</UniqueIdentifier>
    </Filter>
    <Filter Include="soloud\backends">
      <UniqueIdentifier>{335b0041-7a3c-408b-b5a5-b8b3a676bf46}</UniqueIdentifier>
    </Filter>
    <Filter Include="soloud\filter">
      <UniqueIdentifier>{3aa66a89-0921-4743-8e42-a25af24935c2}</UniqueIdentifier>
    </Filter>
    <Filter Include="soloud\audiosource">
      <UniqueIdentifier>{f001c34d-b385-428a-a876-44090e1ece22}</UniqueIdentifier>
    </Filter>
    <Filter Include="Source Files\game_states">
      <UniqueIdentifier>{1dee5e5d-1056-4dae-b6b5-c4312edcadf7}</UniqueIdentifier>
    </Filter>
  </ItemGroup>
  <ItemGroup>
    <ClCompile Include="src\blob.cc">
      <Filter>Source Files</Filter>
    </ClCompile>
    <ClCompile Include="src\char.cc">
      <Filter>Source Files</Filter>
    </ClCompile>
    <ClCompile Include="src\mesh.cc">
      <Filter>Source Files</Filter>
    </ClCompile>
    <ClCompile Include="src\mesher.cc">
      <Filter>Source Files</Filter>
    </ClCompile>
    <ClCompile Include="src\physics.cc">
      <Filter>Source Files</Filter>
    </ClCompile>
    <ClCompile Include="src\shader.cc">
      <Filter>Source Files</Filter>
    </ClCompile>
    <ClCompile Include="src\ship_space.cc">
      <Filter>Source Files</Filter>
    </ClCompile>
    <ClCompile Include="src\text.cc">
      <Filter>Source Files</Filter>
    </ClCompile>
    <ClCompile Include="main.cc">
      <Filter>Source Files</Filter>
    </ClCompile>
    <ClCompile Include="src\input.cc">
      <Filter>Source Files</Filter>
    </ClCompile>
    <ClCompile Include="src\config.cc">
      <Filter>Source Files</Filter>
    </ClCompile>
    <ClCompile Include="src\textureset.cc">
      <Filter>Source Files</Filter>
    </ClCompile>
    <ClCompile Include="src\settings.cc">
      <Filter>Source Files</Filter>
    </ClCompile>
    <ClCompile Include="src\tools\remove_block.cc">
      <Filter>Source Files\tools</Filter>
    </ClCompile>
    <ClCompile Include="src\tools\remove_surface.cc">
      <Filter>Source Files\tools</Filter>
    </ClCompile>
    <ClCompile Include="src\tools\fire_projectile.cc">
      <Filter>Source Files\tools</Filter>
    </ClCompile>
    <ClCompile Include="src\mock_ship_junk.cc">
      <Filter>Source Files</Filter>
    </ClCompile>
    <ClCompile Include="src\atlas.cc">
      <Filter>Source Files</Filter>
    </ClCompile>
    <ClCompile Include="src\sprites.cc">
      <Filter>Source Files</Filter>
    </ClCompile>
    <ClCompile Include="src\projectile\projectile.cc">
      <Filter>Source Files\projectile</Filter>
    </ClCompile>
    <ClCompile Include="src\component\door_component.cc">
      <Filter>Source Files\component</Filter>
    </ClCompile>
    <ClCompile Include="src\component\light_component.cc">
      <Filter>Source Files\component</Filter>
    </ClCompile>
    <ClCompile Include="src\component\power_component.cc">
      <Filter>Source Files\component</Filter>
    </ClCompile>
    <ClCompile Include="src\component\renderable_component.cc">
      <Filter>Source Files\component</Filter>
    </ClCompile>
    <ClCompile Include="src\component\switch_component.cc">
      <Filter>Source Files\component</Filter>
    </ClCompile>
    <ClCompile Include="src\component\component_system_manager.cc">
      <Filter>Source Files\component</Filter>
    </ClCompile>
    <ClCompile Include="src\component\surface_attachment_component.cc">
      <Filter>Source Files\component</Filter>
    </ClCompile>
    <ClCompile Include="src\component\physics_component.cc">
      <Filter>Source Files\component</Filter>
    </ClCompile>
    <ClCompile Include="src\component\type_component.cc">
      <Filter>Source Files\component</Filter>
    </ClCompile>
    <ClCompile Include="src\component\position_component.cc">
      <Filter>Source Files\component</Filter>
    </ClCompile>
    <ClCompile Include="src\component\power_provider_component.cc">
      <Filter>Source Files\component</Filter>
    </ClCompile>
    <ClCompile Include="src\component\pressure_sensor_component.cc">
      <Filter>Source Files\component</Filter>
    </ClCompile>
    <ClCompile Include="src\component\sensor_comparator_component.cc">
      <Filter>Source Files\component</Filter>
    </ClCompile>
    <ClCompile Include="src\particle.cc">
      <Filter>Source Files</Filter>
    </ClCompile>
    <ClCompile Include="src\wiring\wiring_data.cc">
      <Filter>Source Files\wiring</Filter>
    </ClCompile>
    <ClCompile Include="src\component\proximity_sensor_component.cc">
      <Filter>Source Files\component</Filter>
    </ClCompile>
    <ClCompile Include="src\tools\cut_wall.cc">
      <Filter>Source Files\tools</Filter>
    </ClCompile>
    <ClCompile Include="src\component\gas_producer_component.cc">
      <Filter>Source Files\component</Filter>
    </ClCompile>
    <ClCompile Include="src\asset_manager.cc">
      <Filter>Source Files</Filter>
    </ClCompile>
    <ClCompile Include="src\imgui\imgui.cpp">
      <Filter>imgui</Filter>
    </ClCompile>
    <ClCompile Include="src\imgui\imgui_demo.cpp">
      <Filter>imgui</Filter>
    </ClCompile>
    <ClCompile Include="src\imgui\imgui_draw.cpp">
      <Filter>imgui</Filter>
    </ClCompile>
    <ClCompile Include="src\imgui_impl_sdl_gl3.cc">
      <Filter>Source Files</Filter>
    </ClCompile>
    <ClCompile Include="src\tools\remove_entity.cc">
      <Filter>Source Files\tools</Filter>
    </ClCompile>
    <ClCompile Include="src\tools\add_entity.cc">
      <Filter>Source Files\tools</Filter>
    </ClCompile>
    <ClCompile Include="src\entity_utils.cc">
      <Filter>Source Files</Filter>
    </ClCompile>
    <ClCompile Include="src\component\wire_comms_component.cc">
      <Filter>Source Files\component</Filter>
    </ClCompile>
    <ClCompile Include="src\component\display_component.cc">
      <Filter>Source Files\component</Filter>
    </ClCompile>
    <ClCompile Include="src\enums\enums.cc">
      <Filter>Source Files</Filter>
    </ClCompile>
    <ClCompile Include="src\tools\paint_surface.cc">
      <Filter>Source Files\tools</Filter>
    </ClCompile>
    <ClCompile Include="src\tools\wiring.cc">
      <Filter>Source Files\tools</Filter>
    </ClCompile>
    <ClCompile Include="src\utils\debugdraw_gl.cc">
      <Filter>Source Files\utils</Filter>
    </ClCompile>
    <ClCompile Include="src\soloud\src\core\soloud_thread.cpp">
      <Filter>soloud\core</Filter>
    </ClCompile>
    <ClCompile Include="src\soloud\src\core\soloud.cpp">
      <Filter>soloud\core</Filter>
    </ClCompile>
    <ClCompile Include="src\soloud\src\core\soloud_audiosource.cpp">
      <Filter>soloud\core</Filter>
    </ClCompile>
    <ClCompile Include="src\soloud\src\core\soloud_bus.cpp">
      <Filter>soloud\core</Filter>
    </ClCompile>
    <ClCompile Include="src\soloud\src\core\soloud_core_3d.cpp">
      <Filter>soloud\core</Filter>
    </ClCompile>
    <ClCompile Include="src\soloud\src\core\soloud_core_basicops.cpp">
      <Filter>soloud\core</Filter>
    </ClCompile>
    <ClCompile Include="src\soloud\src\core\soloud_core_faderops.cpp">
      <Filter>soloud\core</Filter>
    </ClCompile>
    <ClCompile Include="src\soloud\src\core\soloud_core_filterops.cpp">
      <Filter>soloud\core</Filter>
    </ClCompile>
    <ClCompile Include="src\soloud\src\core\soloud_core_getters.cpp">
      <Filter>soloud\core</Filter>
    </ClCompile>
    <ClCompile Include="src\soloud\src\core\soloud_core_setters.cpp">
      <Filter>soloud\core</Filter>
    </ClCompile>
    <ClCompile Include="src\soloud\src\core\soloud_core_voicegroup.cpp">
      <Filter>soloud\core</Filter>
    </ClCompile>
    <ClCompile Include="src\soloud\src\core\soloud_core_voiceops.cpp">
      <Filter>soloud\core</Filter>
    </ClCompile>
    <ClCompile Include="src\soloud\src\core\soloud_fader.cpp">
      <Filter>soloud\core</Filter>
    </ClCompile>
    <ClCompile Include="src\soloud\src\core\soloud_fft.cpp">
      <Filter>soloud\core</Filter>
    </ClCompile>
    <ClCompile Include="src\soloud\src\core\soloud_fft_lut.cpp">
      <Filter>soloud\core</Filter>
    </ClCompile>
    <ClCompile Include="src\soloud\src\core\soloud_file.cpp">
      <Filter>soloud\core</Filter>
    </ClCompile>
    <ClCompile Include="src\soloud\src\core\soloud_filter.cpp">
      <Filter>soloud\core</Filter>
    </ClCompile>
    <ClCompile Include="src\soloud\src\backend\winmm\soloud_winmm.cpp">
      <Filter>soloud\backends</Filter>
    </ClCompile>
    <ClCompile Include="src\soloud\src\backend\wasapi\soloud_wasapi.cpp">
      <Filter>soloud\backends</Filter>
    </ClCompile>
    <ClCompile Include="src\soloud\src\audiosource\wav\soloud_wav.cpp">
      <Filter>soloud\audiosource</Filter>
    </ClCompile>
    <ClCompile Include="src\soloud\src\audiosource\wav\soloud_wavstream.cpp">
      <Filter>soloud\audiosource</Filter>
    </ClCompile>
    <ClCompile Include="src\soloud\src\audiosource\wav\stb_vorbis.c">
      <Filter>soloud\audiosource</Filter>
    </ClCompile>
    <ClCompile Include="src\soloud\src\backend\null\soloud_null.cpp">
      <Filter>soloud\backends</Filter>
    </ClCompile>
    <ClCompile Include="src\soloud\src\filter\soloud_bassboostfilter.cpp">
      <Filter>soloud\filter</Filter>
    </ClCompile>
    <ClCompile Include="src\soloud\src\filter\soloud_biquadresonantfilter.cpp">
      <Filter>soloud\filter</Filter>
    </ClCompile>
    <ClCompile Include="src\soloud\src\filter\soloud_dcremovalfilter.cpp">
      <Filter>soloud\filter</Filter>
    </ClCompile>
    <ClCompile Include="src\soloud\src\filter\soloud_echofilter.cpp">
      <Filter>soloud\filter</Filter>
    </ClCompile>
    <ClCompile Include="src\soloud\src\filter\soloud_fftfilter.cpp">
      <Filter>soloud\filter</Filter>
    </ClCompile>
    <ClCompile Include="src\soloud\src\filter\soloud_flangerfilter.cpp">
      <Filter>soloud\filter</Filter>
    </ClCompile>
    <ClCompile Include="src\soloud\src\filter\soloud_lofifilter.cpp">
      <Filter>soloud\filter</Filter>
    </ClCompile>
    <ClCompile Include="src\load.cc">
      <Filter>Source Files</Filter>
    </ClCompile>
    <ClCompile Include="src\save.cc">
      <Filter>Source Files</Filter>
    </ClCompile>
    <ClCompile Include="src\component\convert_on_pop_component.cc">
      <Filter>Source Files\component</Filter>
    </ClCompile>
    <ClCompile Include="src\tools\add_shaped_block.cc">
      <Filter>Source Files\tools</Filter>
    </ClCompile>
    <ClCompile Include="src\component\parent_component.cc">
      <Filter>Source Files\component</Filter>
    </ClCompile>
    <ClCompile Include="src\component\placeable_component.cc">
      <Filter>Source Files\component</Filter>
    </ClCompile>
    <ClCompile Include="src\game_state\customize_entity_state.cc">
      <Filter>Source Files\game_states</Filter>
    </ClCompile>
    <ClCompile Include="src\game_state\menu_state.cc">
      <Filter>Source Files\game_states</Filter>
    </ClCompile>
    <ClCompile Include="src\game_state\play_state.cc">
      <Filter>Source Files\game_states</Filter>
    </ClCompile>
    <ClCompile Include="src\component\rotator_component.cc">
      <Filter>Source Files\component</Filter>
    </ClCompile>
    <ClCompile Include="src\component\component_ui_genned.cc">
      <Filter>Source Files\component</Filter>
    </ClCompile>
    <ClCompile Include="src\tools\customize_entity.cc">
      <Filter>Source Files\tools</Filter>
    </ClCompile>
  </ItemGroup>
  <ItemGroup>
    <ClInclude Include="src\blob.h">
      <Filter>Header Files</Filter>
    </ClInclude>
    <ClInclude Include="src\block.h">
      <Filter>Header Files</Filter>
    </ClInclude>
    <ClInclude Include="src\char.h">
      <Filter>Header Files</Filter>
    </ClInclude>
    <ClInclude Include="src\chunk.h">
      <Filter>Header Files</Filter>
    </ClInclude>
    <ClInclude Include="src\common.h">
      <Filter>Header Files</Filter>
    </ClInclude>
    <ClInclude Include="src\fixed_cube.h">
      <Filter>Header Files</Filter>
    </ClInclude>
    <ClInclude Include="src\mesh.h">
      <Filter>Header Files</Filter>
    </ClInclude>
    <ClInclude Include="src\physics.h">
      <Filter>Header Files</Filter>
    </ClInclude>
    <ClInclude Include="src\player.h">
      <Filter>Header Files</Filter>
    </ClInclude>
    <ClInclude Include="src\shader.h">
      <Filter>Header Files</Filter>
    </ClInclude>
    <ClInclude Include="src\ship_space.h">
      <Filter>Header Files</Filter>
    </ClInclude>
    <ClInclude Include="src\text.h">
      <Filter>Header Files</Filter>
    </ClInclude>
    <ClInclude Include="winerr.h">
      <Filter>Header Files</Filter>
    </ClInclude>
    <ClInclude Include="src\winunistd.h">
      <Filter>Header Files</Filter>
    </ClInclude>
    <ClInclude Include="src\input.h">
      <Filter>Header Files</Filter>
    </ClInclude>
    <ClInclude Include="src\config.h">
      <Filter>Header Files</Filter>
    </ClInclude>
    <ClInclude Include="src\textureset.h">
      <Filter>Header Files</Filter>
    </ClInclude>
    <ClInclude Include="src\settings.h">
      <Filter>Header Files</Filter>
    </ClInclude>
    <ClInclude Include="src\scopetimer.h">
      <Filter>Header Files</Filter>
    </ClInclude>
    <ClInclude Include="src\timer.h">
      <Filter>Header Files</Filter>
    </ClInclude>
    <ClInclude Include="src\projectile\projectile.h">
      <Filter>Header Files\projectile</Filter>
    </ClInclude>
    <ClInclude Include="src\component\component_manager.h">
      <Filter>Header Files\component</Filter>
    </ClInclude>
    <ClInclude Include="src\component\door_component.h">
      <Filter>Header Files\component</Filter>
    </ClInclude>
    <ClInclude Include="src\component\light_component.h">
      <Filter>Header Files\component</Filter>
    </ClInclude>
    <ClInclude Include="src\component\power_component.h">
      <Filter>Header Files\component</Filter>
    </ClInclude>
    <ClInclude Include="src\component\renderable_component.h">
      <Filter>Header Files\component</Filter>
    </ClInclude>
    <ClInclude Include="src\component\switch_component.h">
      <Filter>Header Files\component</Filter>
    </ClInclude>
    <ClInclude Include="src\memory.h">
      <Filter>Header Files</Filter>
    </ClInclude>
    <ClInclude Include="src\component\component_system_manager.h">
      <Filter>Header Files\component</Filter>
    </ClInclude>
    <ClInclude Include="src\component\surface_attachment_component.h">
      <Filter>Header Files\component</Filter>
    </ClInclude>
    <ClInclude Include="src\component\physics_component.h">
      <Filter>Header Files\component</Filter>
    </ClInclude>
    <ClInclude Include="src\component\type_component.h">
      <Filter>Header Files\component</Filter>
    </ClInclude>
    <ClInclude Include="src\render_data.h">
      <Filter>Header Files</Filter>
    </ClInclude>
    <ClInclude Include="src\component\position_component.h">
      <Filter>Header Files\component</Filter>
    </ClInclude>
    <ClInclude Include="src\libconfig_shim.h">
      <Filter>Header Files</Filter>
    </ClInclude>
    <ClInclude Include="src\wiring\wiring.h">
      <Filter>Header Files\wiring</Filter>
    </ClInclude>
    <ClInclude Include="src\wiring\wiring_data.h">
      <Filter>Header Files\wiring</Filter>
    </ClInclude>
    <ClInclude Include="src\component\power_provider_component.h">
      <Filter>Header Files\component</Filter>
    </ClInclude>
    <ClInclude Include="src\tools\tools.h">
      <Filter>Header Files\tools</Filter>
    </ClInclude>
    <ClInclude Include="src\component\pressure_sensor_component.h">
      <Filter>Header Files\component</Filter>
    </ClInclude>
    <ClInclude Include="src\component\sensor_comparator_component.h">
      <Filter>Header Files\component</Filter>
    </ClInclude>
    <ClInclude Include="src\particle.h">
      <Filter>Header Files</Filter>
    </ClInclude>
    <ClInclude Include="src\component\c_entity.h">
      <Filter>Header Files</Filter>
    </ClInclude>
    <ClInclude Include="src\component\proximity_sensor_component.h">
      <Filter>Header Files\component</Filter>
    </ClInclude>
    <ClInclude Include="src\component\gas_producer_component.h">
      <Filter>Header Files\component</Filter>
    </ClInclude>
    <ClInclude Include="src\asset_manager.h">
      <Filter>Header Files</Filter>
    </ClInclude>
    <ClInclude Include="src\component\component_managers.h">
      <Filter>Header Files\component</Filter>
    </ClInclude>
    <ClInclude Include="src\imgui\imconfig.h">
      <Filter>imgui</Filter>
    </ClInclude>
    <ClInclude Include="src\imgui\imgui.h">
      <Filter>imgui</Filter>
    </ClInclude>
    <ClInclude Include="src\imgui\imgui_internal.h">
      <Filter>imgui</Filter>
    </ClInclude>
    <ClInclude Include="src\imgui\stb_rect_pack.h">
      <Filter>imgui</Filter>
    </ClInclude>
    <ClInclude Include="src\imgui\stb_textedit.h">
      <Filter>imgui</Filter>
    </ClInclude>
    <ClInclude Include="src\imgui\stb_truetype.h">
      <Filter>imgui</Filter>
    </ClInclude>
    <ClInclude Include="src\imgui_impl_sdl_gl3.h">
      <Filter>Header Files</Filter>
    </ClInclude>
    <ClInclude Include="src\component\wire_comms_component.h">
      <Filter>Header Files\component</Filter>
    </ClInclude>
    <ClInclude Include="src\component\display_component.h">
      <Filter>Header Files\component</Filter>
    </ClInclude>
    <ClInclude Include="src\enums\enums.h">
      <Filter>Header Files</Filter>
    </ClInclude>
    <ClInclude Include="src\component\placeable_component.h">
      <Filter>Header Files</Filter>
    </ClInclude>
    <ClInclude Include="src\bullet_debug_draw.h">
      <Filter>Header Files\utils</Filter>
    </ClInclude>
    <ClInclude Include="src\utils\debugdraw.h">
      <Filter>Header Files\utils</Filter>
    </ClInclude>
    <ClInclude Include="src\soloud\src\audiosource\wav\stb_vorbis.h">
      <Filter>soloud\audiosource</Filter>
    </ClInclude>
    <ClInclude Include="src\load.h">
      <Filter>Header Files</Filter>
    </ClInclude>
    <ClInclude Include="src\save.h">
      <Filter>Header Files</Filter>
    </ClInclude>
    <ClInclude Include="src\component\convert_on_pop_component.h">
      <Filter>Header Files\component</Filter>
    </ClInclude>
    <ClInclude Include="src\component\parent_component.h">
      <Filter>Header Files\component</Filter>
    </ClInclude>
    <ClInclude Include="src\game_state.h">
      <Filter>Header Files</Filter>
    </ClInclude>
    <ClInclude Include="src\component\rotator_component.h">
      <Filter>Header Files\component</Filter>
    </ClInclude>
    <ClInclude Include="src\component\wire_filter.h">
      <Filter>Header Files\component</Filter>
    </ClInclude>
  </ItemGroup>
  <ItemGroup>
    <None Include="entities\display.ent">
      <Filter>Header Files\entities</Filter>
    </None>
    <None Include="entities\door.ent">
      <Filter>Header Files\entities</Filter>
    </None>
    <None Include="entities\frobnicator.ent">
      <Filter>Header Files\entities</Filter>
    </None>
    <None Include="entities\light.ent">
      <Filter>Header Files\entities</Filter>
    </None>
    <None Include="entities\plaidnicator.ent">
      <Filter>Header Files\entities</Filter>
    </None>
    <None Include="entities\pressure_sensor_1.ent">
      <Filter>Header Files\entities</Filter>
    </None>
    <None Include="entities\pressure_sensor_2.ent">
      <Filter>Header Files\entities</Filter>
    </None>
    <None Include="entities\proximity_sensor.ent">
      <Filter>Header Files\entities</Filter>
    </None>
    <None Include="entities\sensor_comparator.ent">
      <Filter>Header Files\entities</Filter>
    </None>
    <None Include="entities\switch.ent">
      <Filter>Header Files\entities</Filter>
    </None>
    <None Include="entities\warning_light.ent">
      <Filter>Header Files\entities</Filter>
    </None>
    <None Include="entities\door-kit.ent">
      <Filter>Header Files\entities</Filter>
    </None>
  </ItemGroup>
</Project>